// !$*UTF8*$!
{
	archiveVersion = 1;
	classes = {
	};
	objectVersion = 46;
	objects = {

/* Begin PBXBuildFile section */
		518D05501D3727470079DC94 /* main.m in Sources */ = {isa = PBXBuildFile; fileRef = 518D054F1D3727470079DC94 /* main.m */; };
		518D05531D3727470079DC94 /* AppDelegate.m in Sources */ = {isa = PBXBuildFile; fileRef = 518D05521D3727470079DC94 /* AppDelegate.m */; };
		518D05561D3727470079DC94 /* ViewController.m in Sources */ = {isa = PBXBuildFile; fileRef = 518D05551D3727470079DC94 /* ViewController.m */; };
		518D05591D3727470079DC94 /* Main.storyboard in Resources */ = {isa = PBXBuildFile; fileRef = 518D05571D3727470079DC94 /* Main.storyboard */; };
		518D055B1D3727470079DC94 /* Assets.xcassets in Resources */ = {isa = PBXBuildFile; fileRef = 518D055A1D3727470079DC94 /* Assets.xcassets */; };
		518D055E1D3727470079DC94 /* LaunchScreen.storyboard in Resources */ = {isa = PBXBuildFile; fileRef = 518D055C1D3727470079DC94 /* LaunchScreen.storyboard */; };
		518D05671D3727670079DC94 /* Person.m in Sources */ = {isa = PBXBuildFile; fileRef = 518D05661D3727670079DC94 /* Person.m */; };
		518D056B1D372E340079DC94 /* runtime笔记.md in Sources */ = {isa = PBXBuildFile; fileRef = 518D056A1D372E340079DC94 /* runtime笔记.md */; };
		518D056D1D3734470079DC94 /* Snip20151013_4.png in Resources */ = {isa = PBXBuildFile; fileRef = 518D056C1D3734470079DC94 /* Snip20151013_4.png */; };
		518D056F1D373E220079DC94 /* 1413628797629491.png in Resources */ = {isa = PBXBuildFile; fileRef = 518D056E1D373E220079DC94 /* 1413628797629491.png */; };
		518D05721D375CC70079DC94 /* UIImage+Extension.m in Sources */ = {isa = PBXBuildFile; fileRef = 518D05711D375CC70079DC94 /* UIImage+Extension.m */; };
		518D05751D37633C0079DC94 /* Snip20151013_2.png in Resources */ = {isa = PBXBuildFile; fileRef = 518D05731D37633C0079DC94 /* Snip20151013_2.png */; };
		518D05761D37633C0079DC94 /* Snip20151013_3.png in Resources */ = {isa = PBXBuildFile; fileRef = 518D05741D37633C0079DC94 /* Snip20151013_3.png */; };
/* End PBXBuildFile section */

/* Begin PBXFileReference section */
		518D054B1D3727470079DC94 /* 02-runtime.app */ = {isa = PBXFileReference; explicitFileType = wrapper.application; includeInIndex = 0; path = "02-runtime.app"; sourceTree = BUILT_PRODUCTS_DIR; };
		518D054F1D3727470079DC94 /* main.m */ = {isa = PBXFileReference; lastKnownFileType = sourcecode.c.objc; path = main.m; sourceTree = "<group>"; };
		518D05511D3727470079DC94 /* AppDelegate.h */ = {isa = PBXFileReference; lastKnownFileType = sourcecode.c.h; path = AppDelegate.h; sourceTree = "<group>"; };
		518D05521D3727470079DC94 /* AppDelegate.m */ = {isa = PBXFileReference; lastKnownFileType = sourcecode.c.objc; path = AppDelegate.m; sourceTree = "<group>"; };
		518D05541D3727470079DC94 /* ViewController.h */ = {isa = PBXFileReference; lastKnownFileType = sourcecode.c.h; path = ViewController.h; sourceTree = "<group>"; };
		518D05551D3727470079DC94 /* ViewController.m */ = {isa = PBXFileReference; lastKnownFileType = sourcecode.c.objc; path = ViewController.m; sourceTree = "<group>"; };
		518D05581D3727470079DC94 /* Base */ = {isa = PBXFileReference; lastKnownFileType = file.storyboard; name = Base; path = Base.lproj/Main.storyboard; sourceTree = "<group>"; };
		518D055A1D3727470079DC94 /* Assets.xcassets */ = {isa = PBXFileReference; lastKnownFileType = folder.assetcatalog; path = Assets.xcassets; sourceTree = "<group>"; };
		518D055D1D3727470079DC94 /* Base */ = {isa = PBXFileReference; lastKnownFileType = file.storyboard; name = Base; path = Base.lproj/LaunchScreen.storyboard; sourceTree = "<group>"; };
		518D055F1D3727470079DC94 /* Info.plist */ = {isa = PBXFileReference; lastKnownFileType = text.plist.xml; path = Info.plist; sourceTree = "<group>"; };
		518D05651D3727670079DC94 /* Person.h */ = {isa = PBXFileReference; fileEncoding = 4; lastKnownFileType = sourcecode.c.h; path = Person.h; sourceTree = "<group>"; };
		518D05661D3727670079DC94 /* Person.m */ = {isa = PBXFileReference; fileEncoding = 4; lastKnownFileType = sourcecode.c.objc; path = Person.m; sourceTree = "<group>"; };
		518D056A1D372E340079DC94 /* runtime笔记.md */ = {isa = PBXFileReference; fileEncoding = 4; lastKnownFileType = net.daringfireball.markdown; path = "runtime笔记.md"; sourceTree = "<group>"; };
		518D056C1D3734470079DC94 /* Snip20151013_4.png */ = {isa = PBXFileReference; lastKnownFileType = image.png; path = Snip20151013_4.png; sourceTree = "<group>"; };
		518D056E1D373E220079DC94 /* 1413628797629491.png */ = {isa = PBXFileReference; lastKnownFileType = image.png; path = 1413628797629491.png; sourceTree = "<group>"; };
		518D05701D375CC70079DC94 /* UIImage+Extension.h */ = {isa = PBXFileReference; fileEncoding = 4; lastKnownFileType = sourcecode.c.h; path = "UIImage+Extension.h"; sourceTree = "<group>"; };
		518D05711D375CC70079DC94 /* UIImage+Extension.m */ = {isa = PBXFileReference; fileEncoding = 4; lastKnownFileType = sourcecode.c.objc; path = "UIImage+Extension.m"; sourceTree = "<group>"; };
		518D05731D37633C0079DC94 /* Snip20151013_2.png */ = {isa = PBXFileReference; lastKnownFileType = image.png; path = Snip20151013_2.png; sourceTree = "<group>"; };
		518D05741D37633C0079DC94 /* Snip20151013_3.png */ = {isa = PBXFileReference; lastKnownFileType = image.png; path = Snip20151013_3.png; sourceTree = "<group>"; };
/* End PBXFileReference section */

/* Begin PBXFrameworksBuildPhase section */
		518D05481D3727470079DC94 /* Frameworks */ = {
			isa = PBXFrameworksBuildPhase;
			buildActionMask = 2147483647;
			files = (
			);
			runOnlyForDeploymentPostprocessing = 0;
		};
/* End PBXFrameworksBuildPhase section */

/* Begin PBXGroup section */
		518D05421D3727470079DC94 = {
			isa = PBXGroup;
			children = (
				518D054D1D3727470079DC94 /* 02-runtime */,
				518D054C1D3727470079DC94 /* Products */,
			);
			sourceTree = "<group>";
		};
		518D054C1D3727470079DC94 /* Products */ = {
			isa = PBXGroup;
			children = (
				518D054B1D3727470079DC94 /* 02-runtime.app */,
			);
			name = Products;
			sourceTree = "<group>";
		};
		518D054D1D3727470079DC94 /* 02-runtime */ = {
			isa = PBXGroup;
			children = (
				518D056A1D372E340079DC94 /* runtime笔记.md */,
				518D05541D3727470079DC94 /* ViewController.h */,
				518D05551D3727470079DC94 /* ViewController.m */,
				518D05651D3727670079DC94 /* Person.h */,
				518D05661D3727670079DC94 /* Person.m */,
				518D05701D375CC70079DC94 /* UIImage+Extension.h */,
				518D05711D375CC70079DC94 /* UIImage+Extension.m */,
				518D054E1D3727470079DC94 /* Supporting Files */,
			);
			path = "02-runtime";
			sourceTree = "<group>";
		};
		518D054E1D3727470079DC94 /* Supporting Files */ = {
			isa = PBXGroup;
			children = (
				518D056E1D373E220079DC94 /* 1413628797629491.png */,
				518D05731D37633C0079DC94 /* Snip20151013_2.png */,
				518D05741D37633C0079DC94 /* Snip20151013_3.png */,
				518D056C1D3734470079DC94 /* Snip20151013_4.png */,
				518D05571D3727470079DC94 /* Main.storyboard */,
				518D055A1D3727470079DC94 /* Assets.xcassets */,
				518D055C1D3727470079DC94 /* LaunchScreen.storyboard */,
				518D055F1D3727470079DC94 /* Info.plist */,
				518D054F1D3727470079DC94 /* main.m */,
				518D05511D3727470079DC94 /* AppDelegate.h */,
				518D05521D3727470079DC94 /* AppDelegate.m */,
			);
			name = "Supporting Files";
			sourceTree = "<group>";
		};
/* End PBXGroup section */

/* Begin PBXNativeTarget section */
		518D054A1D3727470079DC94 /* 02-runtime */ = {
			isa = PBXNativeTarget;
			buildConfigurationList = 518D05621D3727470079DC94 /* Build configuration list for PBXNativeTarget "02-runtime" */;
			buildPhases = (
				518D05471D3727470079DC94 /* Sources */,
				518D05481D3727470079DC94 /* Frameworks */,
				518D05491D3727470079DC94 /* Resources */,
			);
			buildRules = (
			);
			dependencies = (
			);
			name = "02-runtime";
			productName = "02-runtime";
			productReference = 518D054B1D3727470079DC94 /* 02-runtime.app */;
			productType = "com.apple.product-type.application";
		};
/* End PBXNativeTarget section */

/* Begin PBXProject section */
		518D05431D3727470079DC94 /* Project object */ = {
			isa = PBXProject;
			attributes = {
				LastUpgradeCheck = 0720;
				ORGANIZATIONNAME = gongqiuwei;
				TargetAttributes = {
					518D054A1D3727470079DC94 = {
						CreatedOnToolsVersion = 7.2;
					};
				};
			};
			buildConfigurationList = 518D05461D3727470079DC94 /* Build configuration list for PBXProject "02-runtime" */;
			compatibilityVersion = "Xcode 3.2";
			developmentRegion = English;
			hasScannedForEncodings = 0;
			knownRegions = (
				en,
				Base,
			);
			mainGroup = 518D05421D3727470079DC94;
			productRefGroup = 518D054C1D3727470079DC94 /* Products */;
			projectDirPath = "";
			projectRoot = "";
			targets = (
				518D054A1D3727470079DC94 /* 02-runtime */,
			);
		};
/* End PBXProject section */

/* Begin PBXResourcesBuildPhase section */
		518D05491D3727470079DC94 /* Resources */ = {
			isa = PBXResourcesBuildPhase;
			buildActionMask = 2147483647;
			files = (
				518D055E1D3727470079DC94 /* LaunchScreen.storyboard in Resources */,
				518D055B1D3727470079DC94 /* Assets.xcassets in Resources */,
				518D05761D37633C0079DC94 /* Snip20151013_3.png in Resources */,
				518D05591D3727470079DC94 /* Main.storyboard in Resources */,
				518D05751D37633C0079DC94 /* Snip20151013_2.png in Resources */,
				518D056F1D373E220079DC94 /* 1413628797629491.png in Resources */,
				518D056D1D3734470079DC94 /* Snip20151013_4.png in Resources */,
			);
			runOnlyForDeploymentPostprocessing = 0;
		};
/* End PBXResourcesBuildPhase section */

/* Begin PBXSourcesBuildPhase section */
		518D05471D3727470079DC94 /* Sources */ = {
			isa = PBXSourcesBuildPhase;
			buildActionMask = 2147483647;
			files = (
				518D05561D3727470079DC94 /* ViewController.m in Sources */,
				518D05531D3727470079DC94 /* AppDelegate.m in Sources */,
				518D05671D3727670079DC94 /* Person.m in Sources */,
				518D05721D375CC70079DC94 /* UIImage+Extension.m in Sources */,
				518D05501D3727470079DC94 /* main.m in Sources */,
				518D056B1D372E340079DC94 /* runtime笔记.md in Sources */,
			);
			runOnlyForDeploymentPostprocessing = 0;
		};
/* End PBXSourcesBuildPhase section */

/* Begin PBXVariantGroup section */
		518D05571D3727470079DC94 /* Main.storyboard */ = {
			isa = PBXVariantGroup;
			children = (
				518D05581D3727470079DC94 /* Base */,
			);
			name = Main.storyboard;
			sourceTree = "<group>";
		};
		518D055C1D3727470079DC94 /* LaunchScreen.storyboard */ = {
			isa = PBXVariantGroup;
			children = (
				518D055D1D3727470079DC94 /* Base */,
			);
			name = LaunchScreen.storyboard;
			sourceTree = "<group>";
		};
/* End PBXVariantGroup section */

/* Begin XCBuildConfiguration section */
		518D05601D3727470079DC94 /* Debug */ = {
			isa = XCBuildConfiguration;
			buildSettings = {
				ALWAYS_SEARCH_USER_PATHS = NO;
				CLANG_CXX_LANGUAGE_STANDARD = "gnu++0x";
				CLANG_CXX_LIBRARY = "libc++";
				CLANG_ENABLE_MODULES = YES;
				CLANG_ENABLE_OBJC_ARC = YES;
				CLANG_WARN_BOOL_CONVERSION = YES;
				CLANG_WARN_CONSTANT_CONVERSION = YES;
				CLANG_WARN_DIRECT_OBJC_ISA_USAGE = YES_ERROR;
				CLANG_WARN_EMPTY_BODY = YES;
				CLANG_WARN_ENUM_CONVERSION = YES;
				CLANG_WARN_INT_CONVERSION = YES;
				CLANG_WARN_OBJC_ROOT_CLASS = YES_ERROR;
				CLANG_WARN_UNREACHABLE_CODE = YES;
				CLANG_WARN__DUPLICATE_METHOD_MATCH = YES;
				"CODE_SIGN_IDENTITY[sdk=iphoneos*]" = "iPhone Developer";
				COPY_PHASE_STRIP = NO;
				DEBUG_INFORMATION_FORMAT = dwarf;
				ENABLE_STRICT_OBJC_MSGSEND = YES;
				ENABLE_TESTABILITY = YES;
				GCC_C_LANGUAGE_STANDARD = gnu99;
				GCC_DYNAMIC_NO_PIC = NO;
				GCC_NO_COMMON_BLOCKS = YES;
				GCC_OPTIMIZATION_LEVEL = 0;
				GCC_PREPROCESSOR_DEFINITIONS = (
					"DEBUG=1",
					"$(inherited)",
				);
				GCC_WARN_64_TO_32_BIT_CONVERSION = YES;
				GCC_WARN_ABOUT_RETURN_TYPE = YES_ERROR;
				GCC_WARN_UNDECLARED_SELECTOR = YES;
				GCC_WARN_UNINITIALIZED_AUTOS = YES_AGGRESSIVE;
				GCC_WARN_UNUSED_FUNCTION = YES;
				GCC_WARN_UNUSED_VARIABLE = YES;
				IPHONEOS_DEPLOYMENT_TARGET = 9.2;
				MTL_ENABLE_DEBUG_INFO = YES;
				ONLY_ACTIVE_ARCH = YES;
				SDKROOT = iphoneos;
			};
			name = Debug;
		};
		518D05611D3727470079DC94 /* Release */ = {
			isa = XCBuildConfiguration;
			buildSettings = {
				ALWAYS_SEARCH_USER_PATHS = NO;
				CLANG_CXX_LANGUAGE_STANDARD = "gnu++0x";
				CLANG_CXX_LIBRARY = "libc++";
				CLANG_ENABLE_MODULES = YES;
				CLANG_ENABLE_OBJC_ARC = YES;
				CLANG_WARN_BOOL_CONVERSION = YES;
				CLANG_WARN_CONSTANT_CONVERSION = YES;
				CLANG_WARN_DIRECT_OBJC_ISA_USAGE = YES_ERROR;
				CLANG_WARN_EMPTY_BODY = YES;
				CLANG_WARN_ENUM_CONVERSION = YES;
				CLANG_WARN_INT_CONVERSION = YES;
				CLANG_WARN_OBJC_ROOT_CLASS = YES_ERROR;
				CLANG_WARN_UNREACHABLE_CODE = YES;
				CLANG_WARN__DUPLICATE_METHOD_MATCH = YES;
				"CODE_SIGN_IDENTITY[sdk=iphoneos*]" = "iPhone Developer";
				COPY_PHASE_STRIP = NO;
				DEBUG_INFORMATION_FORMAT = "dwarf-with-dsym";
				ENABLE_NS_ASSERTIONS = NO;
				ENABLE_STRICT_OBJC_MSGSEND = YES;
				GCC_C_LANGUAGE_STANDARD = gnu99;
				GCC_NO_COMMON_BLOCKS = YES;
				GCC_WARN_64_TO_32_BIT_CONVERSION = YES;
				GCC_WARN_ABOUT_RETURN_TYPE = YES_ERROR;
				GCC_WARN_UNDECLARED_SELECTOR = YES;
				GCC_WARN_UNINITIALIZED_AUTOS = YES_AGGRESSIVE;
				GCC_WARN_UNUSED_FUNCTION = YES;
				GCC_WARN_UNUSED_VARIABLE = YES;
				IPHONEOS_DEPLOYMENT_TARGET = 9.2;
				MTL_ENABLE_DEBUG_INFO = NO;
				SDKROOT = iphoneos;
				VALIDATE_PRODUCT = YES;
			};
			name = Release;
		};
		518D05631D3727470079DC94 /* Debug */ = {
			isa = XCBuildConfiguration;
			buildSettings = {
				ASSETCATALOG_COMPILER_APPICON_NAME = AppIcon;
				ENABLE_STRICT_OBJC_MSGSEND = NO;
				INFOPLIST_FILE = "02-runtime/Info.plist";
				LD_RUNPATH_SEARCH_PATHS = "$(inherited) @executable_path/Frameworks";
				PRODUCT_BUNDLE_IDENTIFIER = "gwq.-2-runtime";
				PRODUCT_NAME = "$(TARGET_NAME)";
			};
			name = Debug;
		};
		518D05641D3727470079DC94 /* Release */ = {
			isa = XCBuildConfiguration;
			buildSettings = {
				ASSETCATALOG_COMPILER_APPICON_NAME = AppIcon;
				ENABLE_STRICT_OBJC_MSGSEND = NO;
				INFOPLIST_FILE = "02-runtime/Info.plist";
				LD_RUNPATH_SEARCH_PATHS = "$(inherited) @executable_path/Frameworks";
				PRODUCT_BUNDLE_IDENTIFIER = "gwq.-2-runtime";
				PRODUCT_NAME = "$(TARGET_NAME)";
			};
			name = Release;
		};
/* End XCBuildConfiguration section */

/* Begin XCConfigurationList section */
		518D05461D3727470079DC94 /* Build configuration list for PBXProject "02-runtime" */ = {
			isa = XCConfigurationList;
			buildConfigurations = (
				518D05601D3727470079DC94 /* Debug */,
				518D05611D3727470079DC94 /* Release */,
			);
			defaultConfigurationIsVisible = 0;
			defaultConfigurationName = Release;
		};
		518D05621D3727470079DC94 /* Build configuration list for PBXNativeTarget "02-runtime" */ = {
			isa = XCConfigurationList;
			buildConfigurations = (
				518D05631D3727470079DC94 /* Debug */,
				518D05641D3727470079DC94 /* Release */,
			);
			defaultConfigurationIsVisible = 0;
		};
/* End XCConfigurationList section */
	};
	rootObject = 518D05431D3727470079DC94 /* Project object */;
}
